PODS:
  - FSCalendar (2.8.1)
  - Realm (10.1.0):
    - Realm/Headers (= 10.1.0)
  - Realm/Headers (10.1.0)
  - RealmSwift (10.1.0):
    - Realm (= 10.1.0)

DEPENDENCIES:
  - FSCalendar
  - RealmSwift

SPEC REPOS:
  trunk:
    - FSCalendar
    - Realm
    - RealmSwift

SPEC CHECKSUMS:
  FSCalendar: 5245140456fcbcac5824c203b98bd8068bdfee1a
  Realm: 100df88a0faf5328f48477427e4b3e1a1598bae3
  RealmSwift: 725d1c10df64964b04aaa0058c19ce0f4b4c3f5a

PODFILE CHECKSUM: 512205ce67307df5ce454e013abf6c9067e8ab57

COCOAPODS: 1.10.1
